{
  "nodes": {
    "darwin": {
      "inputs": {
        "nixpkgs": [
          "nixpkgs-darwin"
        ]
      },
      "locked": {
        "lastModified": 1735478292,
        "narHash": "sha256-Ys9pSP9ch0SthhpbjnkCSJ9ZLfaNKnt/dcy7swjmS1A=",
        "owner": "lnl7",
        "repo": "nix-darwin",
        "rev": "71a3a075e3229a7518d76636bb762aef2bcb73ac",
        "type": "github"
      },
      "original": {
        "owner": "lnl7",
        "repo": "nix-darwin",
        "type": "github"
      }
    },
    "home-manager": {
      "inputs": {
        "nixpkgs": [
          "nixpkgs-darwin"
        ]
      },
      "locked": {
        "lastModified": 1726989464,
        "narHash": "sha256-Vl+WVTJwutXkimwGprnEtXc/s/s8sMuXzqXaspIGlwM=",
        "owner": "nix-community",
        "repo": "home-manager",
        "rev": "2f23fa308a7c067e52dfcc30a0758f47043ec176",
        "type": "github"
      },
      "original": {
        "owner": "nix-community",
        "ref": "release-24.05",
        "repo": "home-manager",
        "type": "github"
      }
    },
    "nixpkgs": {
      "locked": {
        "lastModified": 0,
        "narHash": "sha256-Ucfnxq1rF/GjNP3kTL+uTfgdoE9a3fxDftSfeLIS8mA=",
        "path": "/nix/store/73cnf2k7mji95fcflvay15pdw4skhhk5-source",
        "type": "path"
      },
      "original": {
        "id": "nixpkgs",
        "type": "indirect"
      }
    },
    "nixpkgs-darwin": {
      "locked": {
        "lastModified": 1735523292,
        "narHash": "sha256-opBsbR/nrGxiiF6XzlVluiHYb6yN/hEwv+lBWTy9xoM=",
        "owner": "nixos",
        "repo": "nixpkgs",
        "rev": "6d97d419e5a9b36e6293887a89a078cf85f5a61b",
        "type": "github"
      },
      "original": {
        "owner": "nixos",
        "ref": "nixpkgs-unstable",
        "repo": "nixpkgs",
        "type": "github"
      }
    },
    "root": {
      "inputs": {
        "darwin": "darwin",
        "home-manager": "home-manager",
        "nixpkgs": "nixpkgs",
        "nixpkgs-darwin": "nixpkgs-darwin"
      }
    }
  },
  "root": "root",
  "version": 7
}
