{
  "nodes": {
    "darwin": {
      "inputs": {
        "nixpkgs": [
          "nixpkgs-darwin"
        ]
      },
      "locked": {
        "lastModified": 1738743987,
        "narHash": "sha256-O3bnAfsObto6l2tQOmQlrO6Z2kD6yKwOWfs7pA0CpOc=",
        "owner": "lnl7",
        "repo": "nix-darwin",
        "rev": "ae406c04577ff9a64087018c79b4fdc02468c87c",
        "type": "github"
      },
      "original": {
        "owner": "lnl7",
        "repo": "nix-darwin",
        "type": "github"
      }
    },
    "home-manager": {
      "inputs": {
        "nixpkgs": [
          "nixpkgs-darwin"
        ]
      },
      "locked": {
        "lastModified": 1738741704,
        "narHash": "sha256-+XVScrF7Yymk9659dFb/ikCIET7DblHBVgK3RTW8mQg=",
        "owner": "nix-community",
        "repo": "home-manager",
        "rev": "3b6fde96d8b41a4a21cbacba8de7debf7ea78021",
        "type": "github"
      },
      "original": {
        "owner": "nix-community",
        "ref": "master",
        "repo": "home-manager",
        "type": "github"
      }
    },
    "nixpkgs": {
      "locked": {
        "lastModified": 0,
        "narHash": "sha256-l4uKwGXwBGWg6FfTRA8YcVU3l4h97ES1KHWysY3aTgw=",
        "path": "/nix/store/ny396rk7pa9k3ldf27x9p2frj06d5ib9-source",
        "type": "path"
      },
      "original": {
        "id": "nixpkgs",
        "type": "indirect"
      }
    },
    "nixpkgs-darwin": {
      "locked": {
        "lastModified": 1738734093,
        "narHash": "sha256-UEYOKfXXKU49fR7dGB05As0s2pGbLK4xDo48Qtdm7xs=",
        "owner": "nixos",
        "repo": "nixpkgs",
        "rev": "5b2753b0356d1c951d7a3ef1d086ba5a71fff43c",
        "type": "github"
      },
      "original": {
        "owner": "nixos",
        "ref": "nixpkgs-unstable",
        "repo": "nixpkgs",
        "type": "github"
      }
    },
    "root": {
      "inputs": {
        "darwin": "darwin",
        "home-manager": "home-manager",
        "nixpkgs": "nixpkgs",
        "nixpkgs-darwin": "nixpkgs-darwin"
      }
    }
  },
  "root": "root",
  "version": 7
}
